
Microsoft Visual Studio Solution File, Format Version 12.00
Project("{FAE04EC0-301F-11D3-BF4B-00C04F79EFBC}") = "DiamondKata", "DiamondKata\DiamondKata.csproj", "{1BE734C1-1834-485C-BB40-875CA66E63E1}"
EndProject
Project("{FAE04EC0-301F-11D3-BF4B-00C04F79EFBC}") = "DiamondKata.UnitTests", "DiamondKata.UnitTests\DiamondKata.UnitTests.csproj", "{6D9024AF-2CF6-44AA-881E-7F2668A79BA6}"
EndProject
Global
	GlobalSection(SolutionConfigurationPlatforms) = preSolution
		Debug|Any CPU = Debug|Any CPU
		Release|Any CPU = Release|Any CPU
	EndGlobalSection
	GlobalSection(ProjectConfigurationPlatforms) = postSolution
		{1BE734C1-1834-485C-BB40-875CA66E63E1}.Debug|Any CPU.ActiveCfg = Debug|Any CPU
		{1BE734C1-1834-485C-BB40-875CA66E63E1}.Debug|Any CPU.Build.0 = Debug|Any CPU
		{1BE734C1-1834-485C-BB40-875CA66E63E1}.Release|Any CPU.ActiveCfg = Release|Any CPU
		{1BE734C1-1834-485C-BB40-875CA66E63E1}.Release|Any CPU.Build.0 = Release|Any CPU
		{6D9024AF-2CF6-44AA-881E-7F2668A79BA6}.Debug|Any CPU.ActiveCfg = Debug|Any CPU
		{6D9024AF-2CF6-44AA-881E-7F2668A79BA6}.Debug|Any CPU.Build.0 = Debug|Any CPU
		{6D9024AF-2CF6-44AA-881E-7F2668A79BA6}.Release|Any CPU.ActiveCfg = Release|Any CPU
		{6D9024AF-2CF6-44AA-881E-7F2668A79BA6}.Release|Any CPU.Build.0 = Release|Any CPU
	EndGlobalSection
EndGlobal
